
Microsoft Visual Studio Solution File, Format Version 12.00
# Visual Studio Version 16
VisualStudioVersion = 16.0.29613.14
MinimumVisualStudioVersion = 10.0.40219.1
Project("{9A19103F-16F7-4668-BE54-9A1E7A4F7556}") = "FileLogger", "FileLogger\FileLogger.csproj", "{EF118281-B02C-428F-99DA-1E5A641CF2B7}"
EndProject
Project("{2150E333-8FDC-42A3-9474-1A3956D46DE8}") = "Solution Items", "Solution Items", "{575725F9-6330-4BA7-8A0E-D1C1DE7CFC1D}"
	ProjectSection(SolutionItems) = preProject
		README.txt = README.txt
	EndProjectSection
EndProject
Project("{9A19103F-16F7-4668-BE54-9A1E7A4F7556}") = "StressTest", "StressTest\StressTest.csproj", "{192B56BF-5839-486C-9DF4-6F6F5E4F156F}"
EndProject
Project("{9A19103F-16F7-4668-BE54-9A1E7A4F7556}") = "Server", "Server\Server.csproj", "{27AD41B5-6504-4C44-934A-E34154B92EFE}"
EndProject
Project("{9A19103F-16F7-4668-BE54-9A1E7A4F7556}") = "Client", "Client\Client.csproj", "{05715A4F-6AE6-430A-A3FF-59F3CDCBECB8}"
EndProject
Global
	GlobalSection(SolutionConfigurationPlatforms) = preSolution
		Debug|Any CPU = Debug|Any CPU
		Release|Any CPU = Release|Any CPU
	EndGlobalSection
	GlobalSection(ProjectConfigurationPlatforms) = postSolution
		{EF118281-B02C-428F-99DA-1E5A641CF2B7}.Debug|Any CPU.ActiveCfg = Debug|Any CPU
		{EF118281-B02C-428F-99DA-1E5A641CF2B7}.Release|Any CPU.ActiveCfg = Release|Any CPU
		{EF118281-B02C-428F-99DA-1E5A641CF2B7}.Release|Any CPU.Build.0 = Release|Any CPU
		{192B56BF-5839-486C-9DF4-6F6F5E4F156F}.Debug|Any CPU.ActiveCfg = Debug|Any CPU
		{192B56BF-5839-486C-9DF4-6F6F5E4F156F}.Debug|Any CPU.Build.0 = Debug|Any CPU
		{192B56BF-5839-486C-9DF4-6F6F5E4F156F}.Release|Any CPU.ActiveCfg = Release|Any CPU
		{192B56BF-5839-486C-9DF4-6F6F5E4F156F}.Release|Any CPU.Build.0 = Release|Any CPU
		{27AD41B5-6504-4C44-934A-E34154B92EFE}.Debug|Any CPU.ActiveCfg = Debug|Any CPU
		{27AD41B5-6504-4C44-934A-E34154B92EFE}.Debug|Any CPU.Build.0 = Debug|Any CPU
		{27AD41B5-6504-4C44-934A-E34154B92EFE}.Release|Any CPU.ActiveCfg = Release|Any CPU
		{27AD41B5-6504-4C44-934A-E34154B92EFE}.Release|Any CPU.Build.0 = Release|Any CPU
		{05715A4F-6AE6-430A-A3FF-59F3CDCBECB8}.Debug|Any CPU.ActiveCfg = Debug|Any CPU
		{05715A4F-6AE6-430A-A3FF-59F3CDCBECB8}.Debug|Any CPU.Build.0 = Debug|Any CPU
		{05715A4F-6AE6-430A-A3FF-59F3CDCBECB8}.Release|Any CPU.ActiveCfg = Release|Any CPU
		{05715A4F-6AE6-430A-A3FF-59F3CDCBECB8}.Release|Any CPU.Build.0 = Release|Any CPU
	EndGlobalSection
	GlobalSection(SolutionProperties) = preSolution
		HideSolutionNode = FALSE
	EndGlobalSection
	GlobalSection(ExtensibilityGlobals) = postSolution
		SolutionGuid = {7B137476-D9EC-4E2A-971C-EA1D77A928A8}
	EndGlobalSection
EndGlobal
